
Microsoft Visual Studio Solution File, Format Version 12.00
# Visual Studio Version 17
VisualStudioVersion = 17.13.35919.96 d17.13
MinimumVisualStudioVersion = 10.0.40219.1
Project("{FAE04EC0-301F-11D3-BF4B-00C04F79EFBC}") = "phantom.Core.SQLClient", "phantom.Core.SQLClient.csproj", "{F2E400D3-74A8-BEB2-7CBF-A81135DCDC20}"
EndProject
Global
	GlobalSection(SolutionConfigurationPlatforms) = preSolution
		Debug|Any CPU = Debug|Any CPU
		Release|Any CPU = Release|Any CPU
	EndGlobalSection
	GlobalSection(ProjectConfigurationPlatforms) = postSolution
		{F2E400D3-74A8-BEB2-7CBF-A81135DCDC20}.Debug|Any CPU.ActiveCfg = Debug|Any CPU
		{F2E400D3-74A8-BEB2-7CBF-A81135DCDC20}.Debug|Any CPU.Build.0 = Debug|Any CPU
		{F2E400D3-74A8-BEB2-7CBF-A81135DCDC20}.Release|Any CPU.ActiveCfg = Release|Any CPU
		{F2E400D3-74A8-BEB2-7CBF-A81135DCDC20}.Release|Any CPU.Build.0 = Release|Any CPU
	EndGlobalSection
	GlobalSection(SolutionProperties) = preSolution
		HideSolutionNode = FALSE
	EndGlobalSection
	GlobalSection(ExtensibilityGlobals) = postSolution
		SolutionGuid = {1E91D9E0-47AA-4B27-BCBE-AA9B7D5A85BD}
	EndGlobalSection
EndGlobal
